
Microsoft Visual Studio Solution File, Format Version 12.00
# Visual Studio 15
VisualStudioVersion = 15.0.28307.329
MinimumVisualStudioVersion = 10.0.40219.1
Project("{FAE04EC0-301F-11D3-BF4B-00C04F79EFBC}") = "Loogiset Operaattorit", "Loogiset Operaattorit\Loogiset Operaattorit.csproj", "{B5B09B42-9E00-4AD6-A4B2-DB14E35D26D0}"
EndProject
Global
	GlobalSection(SolutionConfigurationPlatforms) = preSolution
		Debug|Any CPU = Debug|Any CPU
		Release|Any CPU = Release|Any CPU
	EndGlobalSection
	GlobalSection(ProjectConfigurationPlatforms) = postSolution
		{B5B09B42-9E00-4AD6-A4B2-DB14E35D26D0}.Debug|Any CPU.ActiveCfg = Debug|Any CPU
		{B5B09B42-9E00-4AD6-A4B2-DB14E35D26D0}.Debug|Any CPU.Build.0 = Debug|Any CPU
		{B5B09B42-9E00-4AD6-A4B2-DB14E35D26D0}.Release|Any CPU.ActiveCfg = Release|Any CPU
		{B5B09B42-9E00-4AD6-A4B2-DB14E35D26D0}.Release|Any CPU.Build.0 = Release|Any CPU
	EndGlobalSection
	GlobalSection(SolutionProperties) = preSolution
		HideSolutionNode = FALSE
	EndGlobalSection
	GlobalSection(ExtensibilityGlobals) = postSolution
		SolutionGuid = {C79348EF-8791-491A-8314-C391FBCC2057}
	EndGlobalSection
	GlobalSection(TeamFoundationVersionControl) = preSolution
		SccNumberOfProjects = 2
		SccEnterpriseProvider = {4CA58AB2-18FA-4F8D-95D4-32DDF27D184C}
		SccTeamFoundationServer = https://dev.azure.com/jao-hanhivaarajuuso
		SccLocalPath0 = .
		SccProjectUniqueName1 = Loogiset\u0020Operaattorit\\Loogiset\u0020Operaattorit.csproj
		SccProjectName1 = Loogiset\u0020Operaattorit
		SccLocalPath1 = Loogiset\u0020Operaattorit
	EndGlobalSection
EndGlobal
