
Microsoft Visual Studio Solution File, Format Version 12.00
# Visual Studio 15
VisualStudioVersion = 15.0.28307.329
MinimumVisualStudioVersion = 10.0.40219.1
Project("{FAE04EC0-301F-11D3-BF4B-00C04F79EFBC}") = "Tulostus", "Tulostus\Tulostus.csproj", "{49359A7B-FD40-4586-8D43-82A84B87BC1D}"
EndProject
Global
	GlobalSection(SolutionConfigurationPlatforms) = preSolution
		Debug|Any CPU = Debug|Any CPU
		Release|Any CPU = Release|Any CPU
	EndGlobalSection
	GlobalSection(ProjectConfigurationPlatforms) = postSolution
		{49359A7B-FD40-4586-8D43-82A84B87BC1D}.Debug|Any CPU.ActiveCfg = Debug|Any CPU
		{49359A7B-FD40-4586-8D43-82A84B87BC1D}.Debug|Any CPU.Build.0 = Debug|Any CPU
		{49359A7B-FD40-4586-8D43-82A84B87BC1D}.Release|Any CPU.ActiveCfg = Release|Any CPU
		{49359A7B-FD40-4586-8D43-82A84B87BC1D}.Release|Any CPU.Build.0 = Release|Any CPU
	EndGlobalSection
	GlobalSection(SolutionProperties) = preSolution
		HideSolutionNode = FALSE
	EndGlobalSection
	GlobalSection(ExtensibilityGlobals) = postSolution
		SolutionGuid = {A50AA3C1-1738-4A4D-ACEC-6E076ABB639D}
	EndGlobalSection
	GlobalSection(TeamFoundationVersionControl) = preSolution
		SccNumberOfProjects = 2
		SccEnterpriseProvider = {4CA58AB2-18FA-4F8D-95D4-32DDF27D184C}
		SccTeamFoundationServer = https://dev.azure.com/jao-hanhivaarajuuso
		SccLocalPath0 = .
		SccProjectUniqueName1 = Tulostus\\Tulostus.csproj
		SccProjectName1 = Tulostus
		SccLocalPath1 = Tulostus
	EndGlobalSection
EndGlobal
