
Microsoft Visual Studio Solution File, Format Version 12.00
# Visual Studio 15
VisualStudioVersion = 15.0.28307.779
MinimumVisualStudioVersion = 10.0.40219.1
Project("{FAE04EC0-301F-11D3-BF4B-00C04F79EFBC}") = "WcfService1", "WcfService1\WcfService1.csproj", "{D33D54DE-CA62-4944-B722-52A6775E0512}"
EndProject
Project("{FAE04EC0-301F-11D3-BF4B-00C04F79EFBC}") = "WindowsFormsApp1", "WindowsFormsApp1\WindowsFormsApp1.csproj", "{AB922098-8B22-4A06-B5A9-B6967DF40CE2}"
	ProjectSection(ProjectDependencies) = postProject
		{D33D54DE-CA62-4944-B722-52A6775E0512} = {D33D54DE-CA62-4944-B722-52A6775E0512}
	EndProjectSection
EndProject
Global
	GlobalSection(SolutionConfigurationPlatforms) = preSolution
		Debug|Any CPU = Debug|Any CPU
		Release|Any CPU = Release|Any CPU
	EndGlobalSection
	GlobalSection(ProjectConfigurationPlatforms) = postSolution
		{D33D54DE-CA62-4944-B722-52A6775E0512}.Debug|Any CPU.ActiveCfg = Debug|Any CPU
		{D33D54DE-CA62-4944-B722-52A6775E0512}.Debug|Any CPU.Build.0 = Debug|Any CPU
		{D33D54DE-CA62-4944-B722-52A6775E0512}.Release|Any CPU.ActiveCfg = Release|Any CPU
		{D33D54DE-CA62-4944-B722-52A6775E0512}.Release|Any CPU.Build.0 = Release|Any CPU
		{AB922098-8B22-4A06-B5A9-B6967DF40CE2}.Debug|Any CPU.ActiveCfg = Debug|Any CPU
		{AB922098-8B22-4A06-B5A9-B6967DF40CE2}.Debug|Any CPU.Build.0 = Debug|Any CPU
		{AB922098-8B22-4A06-B5A9-B6967DF40CE2}.Release|Any CPU.ActiveCfg = Release|Any CPU
		{AB922098-8B22-4A06-B5A9-B6967DF40CE2}.Release|Any CPU.Build.0 = Release|Any CPU
	EndGlobalSection
	GlobalSection(SolutionProperties) = preSolution
		HideSolutionNode = FALSE
	EndGlobalSection
	GlobalSection(ExtensibilityGlobals) = postSolution
		SolutionGuid = {5B22857F-0698-4F42-A603-C5075B672924}
	EndGlobalSection
EndGlobal
