
Microsoft Visual Studio Solution File, Format Version 12.00
# Visual Studio 15
VisualStudioVersion = 15.0.28307.779
MinimumVisualStudioVersion = 10.0.40219.1
Project("{FAE04EC0-301F-11D3-BF4B-00C04F79EFBC}") = "Forms11", "Forms11\Forms11.csproj", "{B5ACE5E5-363C-45BF-BDD1-A1D12795A445}"
EndProject
Global
	GlobalSection(SolutionConfigurationPlatforms) = preSolution
		Debug|Any CPU = Debug|Any CPU
		Release|Any CPU = Release|Any CPU
	EndGlobalSection
	GlobalSection(ProjectConfigurationPlatforms) = postSolution
		{B5ACE5E5-363C-45BF-BDD1-A1D12795A445}.Debug|Any CPU.ActiveCfg = Debug|Any CPU
		{B5ACE5E5-363C-45BF-BDD1-A1D12795A445}.Debug|Any CPU.Build.0 = Debug|Any CPU
		{B5ACE5E5-363C-45BF-BDD1-A1D12795A445}.Release|Any CPU.ActiveCfg = Release|Any CPU
		{B5ACE5E5-363C-45BF-BDD1-A1D12795A445}.Release|Any CPU.Build.0 = Release|Any CPU
	EndGlobalSection
	GlobalSection(SolutionProperties) = preSolution
		HideSolutionNode = FALSE
	EndGlobalSection
	GlobalSection(ExtensibilityGlobals) = postSolution
		SolutionGuid = {7D6DB937-63E5-44EC-A200-52B11F63EB6D}
	EndGlobalSection
EndGlobal
