
Microsoft Visual Studio Solution File, Format Version 12.00
# Visual Studio 15
VisualStudioVersion = 15.0.28307.779
MinimumVisualStudioVersion = 10.0.40219.1
Project("{FAE04EC0-301F-11D3-BF4B-00C04F79EFBC}") = "Forms6", "Forms6\Forms6.csproj", "{62ACD3E6-0BB4-4F38-B304-7A61A215041F}"
EndProject
Global
	GlobalSection(SolutionConfigurationPlatforms) = preSolution
		Debug|Any CPU = Debug|Any CPU
		Release|Any CPU = Release|Any CPU
	EndGlobalSection
	GlobalSection(ProjectConfigurationPlatforms) = postSolution
		{62ACD3E6-0BB4-4F38-B304-7A61A215041F}.Debug|Any CPU.ActiveCfg = Debug|Any CPU
		{62ACD3E6-0BB4-4F38-B304-7A61A215041F}.Debug|Any CPU.Build.0 = Debug|Any CPU
		{62ACD3E6-0BB4-4F38-B304-7A61A215041F}.Release|Any CPU.ActiveCfg = Release|Any CPU
		{62ACD3E6-0BB4-4F38-B304-7A61A215041F}.Release|Any CPU.Build.0 = Release|Any CPU
	EndGlobalSection
	GlobalSection(SolutionProperties) = preSolution
		HideSolutionNode = FALSE
	EndGlobalSection
	GlobalSection(ExtensibilityGlobals) = postSolution
		SolutionGuid = {9CDEEDE9-B0E0-4C20-ABB0-74B191D3AEA0}
	EndGlobalSection
EndGlobal
