
Microsoft Visual Studio Solution File, Format Version 12.00
# Visual Studio 15
VisualStudioVersion = 15.0.28307.421
MinimumVisualStudioVersion = 10.0.40219.1
Project("{FAE04EC0-301F-11D3-BF4B-00C04F79EFBC}") = "Fibonacci", "Fibonacci\Fibonacci.csproj", "{83C43AAF-FE9F-47A2-A2E6-A76003A65C27}"
EndProject
Global
	GlobalSection(SolutionConfigurationPlatforms) = preSolution
		Debug|Any CPU = Debug|Any CPU
		Release|Any CPU = Release|Any CPU
	EndGlobalSection
	GlobalSection(ProjectConfigurationPlatforms) = postSolution
		{83C43AAF-FE9F-47A2-A2E6-A76003A65C27}.Debug|Any CPU.ActiveCfg = Debug|Any CPU
		{83C43AAF-FE9F-47A2-A2E6-A76003A65C27}.Debug|Any CPU.Build.0 = Debug|Any CPU
		{83C43AAF-FE9F-47A2-A2E6-A76003A65C27}.Release|Any CPU.ActiveCfg = Release|Any CPU
		{83C43AAF-FE9F-47A2-A2E6-A76003A65C27}.Release|Any CPU.Build.0 = Release|Any CPU
	EndGlobalSection
	GlobalSection(SolutionProperties) = preSolution
		HideSolutionNode = FALSE
	EndGlobalSection
	GlobalSection(ExtensibilityGlobals) = postSolution
		SolutionGuid = {081696E1-A5F0-4F6C-BC06-A460BCCD597E}
	EndGlobalSection
	GlobalSection(TeamFoundationVersionControl) = preSolution
		SccNumberOfProjects = 1
		SccEnterpriseProvider = {4CA58AB2-18FA-4F8D-95D4-32DDF27D184C}
		SccTeamFoundationServer = https://dev.azure.com/jao-hanhivaarajuuso
		SccLocalPath0 = .
	EndGlobalSection
EndGlobal
