
Microsoft Visual Studio Solution File, Format Version 12.00
# Visual Studio 15
VisualStudioVersion = 15.0.28307.421
MinimumVisualStudioVersion = 10.0.40219.1
Project("{FAE04EC0-301F-11D3-BF4B-00C04F79EFBC}") = "huutokauppa", "huutokauppa\huutokauppa.csproj", "{057317AF-123C-42CF-9A05-B30200B34F14}"
EndProject
Global
	GlobalSection(SolutionConfigurationPlatforms) = preSolution
		Debug|Any CPU = Debug|Any CPU
		Release|Any CPU = Release|Any CPU
	EndGlobalSection
	GlobalSection(ProjectConfigurationPlatforms) = postSolution
		{057317AF-123C-42CF-9A05-B30200B34F14}.Debug|Any CPU.ActiveCfg = Debug|Any CPU
		{057317AF-123C-42CF-9A05-B30200B34F14}.Debug|Any CPU.Build.0 = Debug|Any CPU
		{057317AF-123C-42CF-9A05-B30200B34F14}.Release|Any CPU.ActiveCfg = Release|Any CPU
		{057317AF-123C-42CF-9A05-B30200B34F14}.Release|Any CPU.Build.0 = Release|Any CPU
	EndGlobalSection
	GlobalSection(SolutionProperties) = preSolution
		HideSolutionNode = FALSE
	EndGlobalSection
	GlobalSection(ExtensibilityGlobals) = postSolution
		SolutionGuid = {2864A972-8411-4136-8F8D-86EE11582439}
	EndGlobalSection
	GlobalSection(TeamFoundationVersionControl) = preSolution
		SccNumberOfProjects = 2
		SccEnterpriseProvider = {4CA58AB2-18FA-4F8D-95D4-32DDF27D184C}
		SccTeamFoundationServer = https://dev.azure.com/jao-hanhivaarajuuso
		SccLocalPath0 = .
		SccProjectUniqueName1 = huutokauppa\\huutokauppa.csproj
		SccProjectName1 = huutokauppa
		SccLocalPath1 = huutokauppa
	EndGlobalSection
EndGlobal
