
Microsoft Visual Studio Solution File, Format Version 12.00
# Visual Studio 15
VisualStudioVersion = 15.0.28307.421
MinimumVisualStudioVersion = 10.0.40219.1
Project("{FAE04EC0-301F-11D3-BF4B-00C04F79EFBC}") = "GnomeDistributing", "GnomeDistributing\GnomeDistributing.csproj", "{A6EB40E8-A409-413C-BC0F-F7139D671E59}"
EndProject
Global
	GlobalSection(SolutionConfigurationPlatforms) = preSolution
		Debug|Any CPU = Debug|Any CPU
		Release|Any CPU = Release|Any CPU
	EndGlobalSection
	GlobalSection(ProjectConfigurationPlatforms) = postSolution
		{A6EB40E8-A409-413C-BC0F-F7139D671E59}.Debug|Any CPU.ActiveCfg = Debug|Any CPU
		{A6EB40E8-A409-413C-BC0F-F7139D671E59}.Debug|Any CPU.Build.0 = Debug|Any CPU
		{A6EB40E8-A409-413C-BC0F-F7139D671E59}.Release|Any CPU.ActiveCfg = Release|Any CPU
		{A6EB40E8-A409-413C-BC0F-F7139D671E59}.Release|Any CPU.Build.0 = Release|Any CPU
	EndGlobalSection
	GlobalSection(SolutionProperties) = preSolution
		HideSolutionNode = FALSE
	EndGlobalSection
	GlobalSection(ExtensibilityGlobals) = postSolution
		SolutionGuid = {4A960C86-0A29-4BC5-BD18-6F0C57D2A337}
	EndGlobalSection
EndGlobal
