
Microsoft Visual Studio Solution File, Format Version 12.00
# Visual Studio 15
VisualStudioVersion = 15.0.28307.421
MinimumVisualStudioVersion = 10.0.40219.1
Project("{FAE04EC0-301F-11D3-BF4B-00C04F79EFBC}") = "foreach loop", "foreach loop\foreach loop.csproj", "{75C14572-0D04-4C50-B362-F6F49BC81E46}"
EndProject
Global
	GlobalSection(SolutionConfigurationPlatforms) = preSolution
		Debug|Any CPU = Debug|Any CPU
		Release|Any CPU = Release|Any CPU
	EndGlobalSection
	GlobalSection(ProjectConfigurationPlatforms) = postSolution
		{75C14572-0D04-4C50-B362-F6F49BC81E46}.Debug|Any CPU.ActiveCfg = Debug|Any CPU
		{75C14572-0D04-4C50-B362-F6F49BC81E46}.Debug|Any CPU.Build.0 = Debug|Any CPU
		{75C14572-0D04-4C50-B362-F6F49BC81E46}.Release|Any CPU.ActiveCfg = Release|Any CPU
		{75C14572-0D04-4C50-B362-F6F49BC81E46}.Release|Any CPU.Build.0 = Release|Any CPU
	EndGlobalSection
	GlobalSection(SolutionProperties) = preSolution
		HideSolutionNode = FALSE
	EndGlobalSection
	GlobalSection(ExtensibilityGlobals) = postSolution
		SolutionGuid = {368B877F-58AE-4F23-B12E-C9548198ADEC}
	EndGlobalSection
	GlobalSection(TeamFoundationVersionControl) = preSolution
		SccNumberOfProjects = 2
		SccEnterpriseProvider = {4CA58AB2-18FA-4F8D-95D4-32DDF27D184C}
		SccTeamFoundationServer = https://dev.azure.com/jao-hanhivaarajuuso
		SccLocalPath0 = .
		SccProjectUniqueName1 = foreach\u0020loop\\foreach\u0020loop.csproj
		SccProjectName1 = foreach\u0020loop
		SccLocalPath1 = foreach\u0020loop
	EndGlobalSection
EndGlobal
